
Microsoft Visual Studio Solution File, Format Version 12.00
# Visual Studio 15
VisualStudioVersion = 15.0.28307.1300
MinimumVisualStudioVersion = 10.0.40219.1
Project("{FAE04EC0-301F-11D3-BF4B-00C04F79EFBC}") = "TutGame", "TutGame\TutGame.csproj", "{2EB65A5A-5FE4-46E9-B954-B2DAF97DA0F2}"
EndProject
Project("{FAE04EC0-301F-11D3-BF4B-00C04F79EFBC}") = "TutEngine", "TutEngine\TutEngine.csproj", "{D247D61F-30C1-4EEA-8790-F039E703F765}"
EndProject
Global
	GlobalSection(SolutionConfigurationPlatforms) = preSolution
		Debug|Any CPU = Debug|Any CPU
		Release|Any CPU = Release|Any CPU
	EndGlobalSection
	GlobalSection(ProjectConfigurationPlatforms) = postSolution
		{2EB65A5A-5FE4-46E9-B954-B2DAF97DA0F2}.Debug|Any CPU.ActiveCfg = Debug|Any CPU
		{2EB65A5A-5FE4-46E9-B954-B2DAF97DA0F2}.Debug|Any CPU.Build.0 = Debug|Any CPU
		{2EB65A5A-5FE4-46E9-B954-B2DAF97DA0F2}.Release|Any CPU.ActiveCfg = Release|Any CPU
		{2EB65A5A-5FE4-46E9-B954-B2DAF97DA0F2}.Release|Any CPU.Build.0 = Release|Any CPU
		{D247D61F-30C1-4EEA-8790-F039E703F765}.Debug|Any CPU.ActiveCfg = Debug|Any CPU
		{D247D61F-30C1-4EEA-8790-F039E703F765}.Debug|Any CPU.Build.0 = Debug|Any CPU
		{D247D61F-30C1-4EEA-8790-F039E703F765}.Release|Any CPU.ActiveCfg = Release|Any CPU
		{D247D61F-30C1-4EEA-8790-F039E703F765}.Release|Any CPU.Build.0 = Release|Any CPU
	EndGlobalSection
	GlobalSection(SolutionProperties) = preSolution
		HideSolutionNode = FALSE
	EndGlobalSection
	GlobalSection(ExtensibilityGlobals) = postSolution
		SolutionGuid = {875D9607-D5A3-4EB6-A8A0-A6773E791F79}
	EndGlobalSection
EndGlobal
